PODS:
  - Alamofire (5.1.0)
  - CocoaLumberjack/Core (3.6.1)
  - CocoaLumberjack/Swift (3.6.1):
    - CocoaLumberjack/Core
  - Realm (4.4.1):
    - Realm/Headers (= 4.4.1)
  - Realm/Headers (4.4.1)
  - RealmSwift (4.4.1):
    - Realm (= 4.4.1)

DEPENDENCIES:
  - Alamofire
  - CocoaLumberjack/Swift
  - RealmSwift

SPEC REPOS:
  trunk:
    - Alamofire
    - CocoaLumberjack
    - Realm
    - RealmSwift

SPEC CHECKSUMS:
  Alamofire: 9d5c5f602928e512395b30950c5984eca840093c
  CocoaLumberjack: b17ae15142558d08bbacf69775fa10c4abbebcc9
  Realm: 4eb04d7487bd43c0581256f40b424eafb711deff
  RealmSwift: 3eb8924ff7100df5928c7602f71d0fec51e7c9c5

PODFILE CHECKSUM: f04f9bd83850e9db23e771ed17805aec4d408453

COCOAPODS: 1.9.1
