PODS:
  - Alamofire (5.1.0)
  - CocoaLumberjack/Core (3.6.1)
  - CocoaLumberjack/Swift (3.6.1):
    - CocoaLumberjack/Core
  - Realm (5.0.0):
    - Realm/Headers (= 5.0.0)
  - Realm/Headers (5.0.0)
  - RealmSwift (5.0.0):
    - Realm (= 5.0.0)

DEPENDENCIES:
  - Alamofire
  - CocoaLumberjack/Swift
  - RealmSwift

SPEC REPOS:
  trunk:
    - Alamofire
    - CocoaLumberjack
    - Realm
    - RealmSwift

SPEC CHECKSUMS:
  Alamofire: 9d5c5f602928e512395b30950c5984eca840093c
  CocoaLumberjack: b17ae15142558d08bbacf69775fa10c4abbebcc9
  Realm: 76066d333de26f97e9caedaa85ee3ff4a62ca265
  RealmSwift: c1bdff09b422569dc6881410d9ccf712bcdb79b0

PODFILE CHECKSUM: f04f9bd83850e9db23e771ed17805aec4d408453

COCOAPODS: 1.9.1
